
Microsoft Visual Studio Solution File, Format Version 12.00
# Visual Studio Version 16
VisualStudioVersion = 16.0.29728.190
MinimumVisualStudioVersion = 10.0.40219.1
Project("{FAE04EC0-301F-11D3-BF4B-00C04F79EFBC}") = "Week 4 code along", "Week 4 code along\Week 4 code along.csproj", "{58703F7F-4416-4D82-A983-B9C6F18C38F9}"
EndProject
Global
	GlobalSection(SolutionConfigurationPlatforms) = preSolution
		Debug|Any CPU = Debug|Any CPU
		Release|Any CPU = Release|Any CPU
	EndGlobalSection
	GlobalSection(ProjectConfigurationPlatforms) = postSolution
		{58703F7F-4416-4D82-A983-B9C6F18C38F9}.Debug|Any CPU.ActiveCfg = Debug|Any CPU
		{58703F7F-4416-4D82-A983-B9C6F18C38F9}.Debug|Any CPU.Build.0 = Debug|Any CPU
		{58703F7F-4416-4D82-A983-B9C6F18C38F9}.Release|Any CPU.ActiveCfg = Release|Any CPU
		{58703F7F-4416-4D82-A983-B9C6F18C38F9}.Release|Any CPU.Build.0 = Release|Any CPU
	EndGlobalSection
	GlobalSection(SolutionProperties) = preSolution
		HideSolutionNode = FALSE
	EndGlobalSection
	GlobalSection(ExtensibilityGlobals) = postSolution
		SolutionGuid = {CF07268C-3CDA-4F87-88DB-17381787CF78}
	EndGlobalSection
EndGlobal
